// !$*UTF8*$!
{
	archiveVersion = 1;
	classes = {
	};
	objectVersion = 77;
	objects = {

/* Begin PBXBuildFile section */
		976CE43B2E537234008E752E /* RevenueCat in Frameworks */ = {isa = PBXBuildFile; productRef = 976CE43A2E537234008E752E /* RevenueCat */; };
		976CE43F2E5378FD008E752E /* StoreKit.framework in Frameworks */ = {isa = PBXBuildFile; fileRef = 976CE43E2E5378FD008E752E /* StoreKit.framework */; };
		976E08432E7C2A5200C26D1F /* FirebaseAnalytics in Frameworks */ = {isa = PBXBuildFile; productRef = 976E08422E7C2A5200C26D1F /* FirebaseAnalytics */; };
		976E08452E7C2A5200C26D1F /* FirebaseAnalyticsCore in Frameworks */ = {isa = PBXBuildFile; productRef = 976E08442E7C2A5200C26D1F /* FirebaseAnalyticsCore */; };
		976E08472E7C2A5200C26D1F /* FirebaseAnalyticsIdentitySupport in Frameworks */ = {isa = PBXBuildFile; productRef = 976E08462E7C2A5200C26D1F /* FirebaseAnalyticsIdentitySupport */; };
		976E08492E7C2A5200C26D1F /* FirebaseAppCheck in Frameworks */ = {isa = PBXBuildFile; productRef = 976E08482E7C2A5200C26D1F /* FirebaseAppCheck */; };
		976E084B2E7C2A5200C26D1F /* FirebaseCrashlytics in Frameworks */ = {isa = PBXBuildFile; productRef = 976E084A2E7C2A5200C26D1F /* FirebaseCrashlytics */; };
		976E084D2E7C2A5200C26D1F /* FirebasePerformance in Frameworks */ = {isa = PBXBuildFile; productRef = 976E084C2E7C2A5200C26D1F /* FirebasePerformance */; };
		97AB3AD62E61121200B5C6DA /* Supabase in Frameworks */ = {isa = PBXBuildFile; productRef = 97681D132E32C1E200066C8A /* Supabase */; };
		E6F95240A9B14AC6AD3632CD /* GoogleSignIn in Frameworks */ = {isa = PBXBuildFile; productRef = 0DFDC060BED44B5FA6536822 /* GoogleSignIn */; };
/* End PBXBuildFile section */

/* Begin PBXContainerItemProxy section */
		97E105812E306627006C6EF7 /* PBXContainerItemProxy */ = {
			isa = PBXContainerItemProxy;
			containerPortal = 97E1056A2E306626006C6EF7 /* Project object */;
			proxyType = 1;
			remoteGlobalIDString = 97E105712E306626006C6EF7;
			remoteInfo = FanPlan;
		};
		97E1058B2E306627006C6EF7 /* PBXContainerItemProxy */ = {
			isa = PBXContainerItemProxy;
			containerPortal = 97E1056A2E306626006C6EF7 /* Project object */;
			proxyType = 1;
			remoteGlobalIDString = 97E105712E306626006C6EF7;
			remoteInfo = FanPlan;
		};
/* End PBXContainerItemProxy section */

/* Begin PBXFileReference section */
		976CE43E2E5378FD008E752E /* StoreKit.framework */ = {isa = PBXFileReference; lastKnownFileType = wrapper.framework; name = StoreKit.framework; path = System/Library/Frameworks/StoreKit.framework; sourceTree = SDKROOT; };
		97E105722E306626006C6EF7 /* Piggy Bong.app */ = {isa = PBXFileReference; explicitFileType = wrapper.application; includeInIndex = 0; path = "Piggy Bong.app"; sourceTree = BUILT_PRODUCTS_DIR; };
		97E105802E306627006C6EF7 /* FanPlanTests.xctest */ = {isa = PBXFileReference; explicitFileType = wrapper.cfbundle; includeInIndex = 0; path = FanPlanTests.xctest; sourceTree = BUILT_PRODUCTS_DIR; };
		97E1058A2E306627006C6EF7 /* FanPlanUITests.xctest */ = {isa = PBXFileReference; explicitFileType = wrapper.cfbundle; includeInIndex = 0; path = FanPlanUITests.xctest; sourceTree = BUILT_PRODUCTS_DIR; };
/* End PBXFileReference section */

/* Begin PBXFileSystemSynchronizedRootGroup section */
		97E105742E306626006C6EF7 /* FanPlan */ = {
			isa = PBXFileSystemSynchronizedRootGroup;
			path = FanPlan;
			sourceTree = "<group>";
		};
		97E105832E306627006C6EF7 /* FanPlanTests */ = {
			isa = PBXFileSystemSynchronizedRootGroup;
			path = FanPlanTests;
			sourceTree = "<group>";
		};
		97E1058D2E306627006C6EF7 /* FanPlanUITests */ = {
			isa = PBXFileSystemSynchronizedRootGroup;
			path = FanPlanUITests;
			sourceTree = "<group>";
		};
/* End PBXFileSystemSynchronizedRootGroup section */

/* Begin PBXFrameworksBuildPhase section */
		97E1056F2E306626006C6EF7 /* Frameworks */ = {
			isa = PBXFrameworksBuildPhase;
			buildActionMask = 2147483647;
			files = (
				976E08492E7C2A5200C26D1F /* FirebaseAppCheck in Frameworks */,
				97AB3AD62E61121200B5C6DA /* Supabase in Frameworks */,
				976E08452E7C2A5200C26D1F /* FirebaseAnalyticsCore in Frameworks */,
				976CE43B2E537234008E752E /* RevenueCat in Frameworks */,
				976E08472E7C2A5200C26D1F /* FirebaseAnalyticsIdentitySupport in Frameworks */,
				976CE43F2E5378FD008E752E /* StoreKit.framework in Frameworks */,
				976E08432E7C2A5200C26D1F /* FirebaseAnalytics in Frameworks */,
				976E084B2E7C2A5200C26D1F /* FirebaseCrashlytics in Frameworks */,
				976E084D2E7C2A5200C26D1F /* FirebasePerformance in Frameworks */,
				E6F95240A9B14AC6AD3632CD /* GoogleSignIn in Frameworks */,
			);
			runOnlyForDeploymentPostprocessing = 0;
		};
		97E1057D2E306627006C6EF7 /* Frameworks */ = {
			isa = PBXFrameworksBuildPhase;
			buildActionMask = 2147483647;
			files = (
			);
			runOnlyForDeploymentPostprocessing = 0;
		};
		97E105872E306627006C6EF7 /* Frameworks */ = {
			isa = PBXFrameworksBuildPhase;
			buildActionMask = 2147483647;
			files = (
			);
			runOnlyForDeploymentPostprocessing = 0;
		};
/* End PBXFrameworksBuildPhase section */

/* Begin PBXGroup section */
		976CE4392E53722C008E752E /* Frameworks */ = {
			isa = PBXGroup;
			children = (
				976CE43E2E5378FD008E752E /* StoreKit.framework */,
			);
			name = Frameworks;
			sourceTree = "<group>";
		};
		976F72F62E6DD40600170661 /* Recovered References */ = {
			isa = PBXGroup;
			children = (
			);
			name = "Recovered References";
			sourceTree = "<group>";
		};
		97E105692E306626006C6EF7 = {
			isa = PBXGroup;
			children = (
				97E105742E306626006C6EF7 /* FanPlan */,
				97E105832E306627006C6EF7 /* FanPlanTests */,
				97E1058D2E306627006C6EF7 /* FanPlanUITests */,
				976CE4392E53722C008E752E /* Frameworks */,
				97E105732E306626006C6EF7 /* Products */,
				976F72F62E6DD40600170661 /* Recovered References */,
			);
			sourceTree = "<group>";
		};
		97E105732E306626006C6EF7 /* Products */ = {
			isa = PBXGroup;
			children = (
				97E105722E306626006C6EF7 /* Piggy Bong.app */,
				97E105802E306627006C6EF7 /* FanPlanTests.xctest */,
				97E1058A2E306627006C6EF7 /* FanPlanUITests.xctest */,
			);
			name = Products;
			sourceTree = "<group>";
		};
/* End PBXGroup section */

/* Begin PBXNativeTarget section */
		97E105712E306626006C6EF7 /* Piggy Bong */ = {
			isa = PBXNativeTarget;
			buildConfigurationList = 97E105942E306627006C6EF7 /* Build configuration list for PBXNativeTarget "Piggy Bong" */;
			buildPhases = (
				97E1056E2E306626006C6EF7 /* Sources */,
				97E1056F2E306626006C6EF7 /* Frameworks */,
				97E105702E306626006C6EF7 /* Resources */,
				976E0C6A2E7C424200C26D1F /* ShellScript */,
			);
			buildRules = (
			);
			dependencies = (
			);
			fileSystemSynchronizedGroups = (
				97E105742E306626006C6EF7 /* FanPlan */,
			);
			name = "Piggy Bong";
			packageProductDependencies = (
				976CE43A2E537234008E752E /* RevenueCat */,
				0DFDC060BED44B5FA6536822 /* GoogleSignIn */,
				97681D132E32C1E200066C8A /* Supabase */,
				976E08422E7C2A5200C26D1F /* FirebaseAnalytics */,
				976E08442E7C2A5200C26D1F /* FirebaseAnalyticsCore */,
				976E08462E7C2A5200C26D1F /* FirebaseAnalyticsIdentitySupport */,
				976E08482E7C2A5200C26D1F /* FirebaseAppCheck */,
				976E084A2E7C2A5200C26D1F /* FirebaseCrashlytics */,
				976E084C2E7C2A5200C26D1F /* FirebasePerformance */,
			);
			productName = "Piggy Bong";
			productReference = 97E105722E306626006C6EF7 /* Piggy Bong.app */;
			productType = "com.apple.product-type.application";
		};
		97E1057F2E306627006C6EF7 /* FanPlanTests */ = {
			isa = PBXNativeTarget;
			buildConfigurationList = 97E105972E306627006C6EF7 /* Build configuration list for PBXNativeTarget "FanPlanTests" */;
			buildPhases = (
				97E1057C2E306627006C6EF7 /* Sources */,
				97E1057D2E306627006C6EF7 /* Frameworks */,
				97E1057E2E306627006C6EF7 /* Resources */,
			);
			buildRules = (
			);
			dependencies = (
				97E105822E306627006C6EF7 /* PBXTargetDependency */,
			);
			fileSystemSynchronizedGroups = (
				97E105832E306627006C6EF7 /* FanPlanTests */,
			);
			name = FanPlanTests;
			packageProductDependencies = (
			);
			productName = FanPlanTests;
			productReference = 97E105802E306627006C6EF7 /* FanPlanTests.xctest */;
			productType = "com.apple.product-type.bundle.unit-test";
		};
		97E105892E306627006C6EF7 /* FanPlanUITests */ = {
			isa = PBXNativeTarget;
			buildConfigurationList = 97E1059A2E306627006C6EF7 /* Build configuration list for PBXNativeTarget "FanPlanUITests" */;
			buildPhases = (
				97E105862E306627006C6EF7 /* Sources */,
				97E105872E306627006C6EF7 /* Frameworks */,
				97E105882E306627006C6EF7 /* Resources */,
			);
			buildRules = (
			);
			dependencies = (
				97E1058C2E306627006C6EF7 /* PBXTargetDependency */,
			);
			fileSystemSynchronizedGroups = (
				97E1058D2E306627006C6EF7 /* FanPlanUITests */,
			);
			name = FanPlanUITests;
			packageProductDependencies = (
			);
			productName = FanPlanUITests;
			productReference = 97E1058A2E306627006C6EF7 /* FanPlanUITests.xctest */;
			productType = "com.apple.product-type.bundle.ui-testing";
		};
/* End PBXNativeTarget section */

/* Begin PBXProject section */
		97E1056A2E306626006C6EF7 /* Project object */ = {
			isa = PBXProject;
			attributes = {
				BuildIndependentTargetsInParallel = 1;
				LastSwiftUpdateCheck = 1630;
				LastUpgradeCheck = 1630;
				TargetAttributes = {
					97E105712E306626006C6EF7 = {
						CreatedOnToolsVersion = 16.3;
					};
					97E1057F2E306627006C6EF7 = {
						CreatedOnToolsVersion = 16.3;
						TestTargetID = 97E105712E306626006C6EF7;
					};
					97E105892E306627006C6EF7 = {
						CreatedOnToolsVersion = 16.3;
						TestTargetID = 97E105712E306626006C6EF7;
					};
				};
			};
			buildConfigurationList = 97E1056D2E306626006C6EF7 /* Build configuration list for PBXProject "FanPlan" */;
			developmentRegion = en;
			hasScannedForEncodings = 0;
			knownRegions = (
				en,
				Base,
			);
			mainGroup = 97E105692E306626006C6EF7;
			minimizedProjectReferenceProxies = 1;
			packageReferences = (
				97681D122E32C1E200066C8A /* XCRemoteSwiftPackageReference "supabase-swift" */,
				976CE4362E536FE6008E752E /* XCRemoteSwiftPackageReference "purchases-ios" */,
				97A8CA692E5D334A002B8A3C /* XCRemoteSwiftPackageReference "GoogleSignIn-iOS" */,
				976E08412E7C2A5200C26D1F /* XCRemoteSwiftPackageReference "firebase-ios-sdk" */,
			);
			preferredProjectObjectVersion = 77;
			productRefGroup = 97E105732E306626006C6EF7 /* Products */;
			projectDirPath = "";
			projectRoot = "";
			targets = (
				97E105712E306626006C6EF7 /* Piggy Bong */,
				97E1057F2E306627006C6EF7 /* FanPlanTests */,
				97E105892E306627006C6EF7 /* FanPlanUITests */,
			);
		};
/* End PBXProject section */

/* Begin PBXResourcesBuildPhase section */
		97E105702E306626006C6EF7 /* Resources */ = {
			isa = PBXResourcesBuildPhase;
			buildActionMask = 2147483647;
			files = (
			);
			runOnlyForDeploymentPostprocessing = 0;
		};
		97E1057E2E306627006C6EF7 /* Resources */ = {
			isa = PBXResourcesBuildPhase;
			buildActionMask = 2147483647;
			files = (
			);
			runOnlyForDeploymentPostprocessing = 0;
		};
		97E105882E306627006C6EF7 /* Resources */ = {
			isa = PBXResourcesBuildPhase;
			buildActionMask = 2147483647;
			files = (
			);
			runOnlyForDeploymentPostprocessing = 0;
		};
/* End PBXResourcesBuildPhase section */

/* Begin PBXShellScriptBuildPhase section */
		976E0C6A2E7C424200C26D1F /* ShellScript */ = {
			isa = PBXShellScriptBuildPhase;
			buildActionMask = 2147483647;
			files = (
			);
			inputFileListPaths = (
			);
			inputPaths = (
				"${DWARF_DSYM_FOLDER_PATH}/${DWARF_DSYM_FILE_NAME}",
				"${DWARF_DSYM_FOLDER_PATH}/${DWARF_DSYM_FILE_NAME}/Contents/Resources/DWARF/${PRODUCT_NAME}",
				"${DWARF_DSYM_FOLDER_PATH}/${DWARF_DSYM_FILE_NAME}/Contents/Info.plist",
				"$(TARGET_BUILD_DIR)/$(UNLOCALIZED_RESOURCES_FOLDER_PATH)/GoogleService-Info.plist",
				"$(TARGET_BUILD_DIR)/$(EXECUTABLE_PATH)",
				"${DWARF_DSYM_FOLDER_PATH}/${DWARF_DSYM_FILE_NAME}/Contents/Resources/DWARF/${PRODUCT_NAME}.debug.dylib",
			);
			outputFileListPaths = (
			);
			outputPaths = (
				"${TARGET_TEMP_DIR}/CrashlyticsUpload.marker",
			);
			runOnlyForDeploymentPostprocessing = 0;
			shellPath = /bin/sh;
			shellScript = "\"${BUILD_DIR%/Build/*}/SourcePackages/checkouts/firebase-ios-sdk/Crashlytics/run\"\n\n# Create marker file to indicate completion\ntouch \"${TARGET_TEMP_DIR}/CrashlyticsUpload.marker\"\n";
		};
/* End PBXShellScriptBuildPhase section */

/* Begin PBXSourcesBuildPhase section */
		97E1056E2E306626006C6EF7 /* Sources */ = {
			isa = PBXSourcesBuildPhase;
			buildActionMask = 2147483647;
			files = (
			);
			runOnlyForDeploymentPostprocessing = 0;
		};
		97E1057C2E306627006C6EF7 /* Sources */ = {
			isa = PBXSourcesBuildPhase;
			buildActionMask = 2147483647;
			files = (
			);
			runOnlyForDeploymentPostprocessing = 0;
		};
		97E105862E306627006C6EF7 /* Sources */ = {
			isa = PBXSourcesBuildPhase;
			buildActionMask = 2147483647;
			files = (
			);
			runOnlyForDeploymentPostprocessing = 0;
		};
/* End PBXSourcesBuildPhase section */

/* Begin PBXTargetDependency section */
		97E105822E306627006C6EF7 /* PBXTargetDependency */ = {
			isa = PBXTargetDependency;
			target = 97E105712E306626006C6EF7 /* Piggy Bong */;
			targetProxy = 97E105812E306627006C6EF7 /* PBXContainerItemProxy */;
		};
		97E1058C2E306627006C6EF7 /* PBXTargetDependency */ = {
			isa = PBXTargetDependency;
			target = 97E105712E306626006C6EF7 /* Piggy Bong */;
			targetProxy = 97E1058B2E306627006C6EF7 /* PBXContainerItemProxy */;
		};
/* End PBXTargetDependency section */

/* Begin XCBuildConfiguration section */
		97E105922E306627006C6EF7 /* Debug */ = {
			isa = XCBuildConfiguration;
			buildSettings = {
				ALWAYS_SEARCH_USER_PATHS = NO;
				ASSETCATALOG_COMPILER_GENERATE_SWIFT_ASSET_SYMBOL_EXTENSIONS = YES;
				CLANG_ANALYZER_NONNULL = YES;
				CLANG_ANALYZER_NUMBER_OBJECT_CONVERSION = YES_AGGRESSIVE;
				CLANG_CXX_LANGUAGE_STANDARD = "gnu++20";
				CLANG_ENABLE_MODULES = YES;
				CLANG_ENABLE_OBJC_ARC = YES;
				CLANG_ENABLE_OBJC_WEAK = YES;
				CLANG_WARN_BLOCK_CAPTURE_AUTORELEASING = YES;
				CLANG_WARN_BOOL_CONVERSION = YES;
				CLANG_WARN_COMMA = YES;
				CLANG_WARN_CONSTANT_CONVERSION = YES;
				CLANG_WARN_DEPRECATED_OBJC_IMPLEMENTATIONS = YES;
				CLANG_WARN_DIRECT_OBJC_ISA_USAGE = YES_ERROR;
				CLANG_WARN_DOCUMENTATION_COMMENTS = YES;
				CLANG_WARN_EMPTY_BODY = YES;
				CLANG_WARN_ENUM_CONVERSION = YES;
				CLANG_WARN_INFINITE_RECURSION = YES;
				CLANG_WARN_INT_CONVERSION = YES;
				CLANG_WARN_NON_LITERAL_NULL_CONVERSION = YES;
				CLANG_WARN_OBJC_IMPLICIT_RETAIN_SELF = YES;
				CLANG_WARN_OBJC_LITERAL_CONVERSION = YES;
				CLANG_WARN_OBJC_ROOT_CLASS = YES_ERROR;
				CLANG_WARN_QUOTED_INCLUDE_IN_FRAMEWORK_HEADER = YES;
				CLANG_WARN_RANGE_LOOP_ANALYSIS = YES;
				CLANG_WARN_STRICT_PROTOTYPES = YES;
				CLANG_WARN_SUSPICIOUS_MOVE = YES;
				CLANG_WARN_UNGUARDED_AVAILABILITY = YES_AGGRESSIVE;
				CLANG_WARN_UNREACHABLE_CODE = YES;
				CLANG_WARN__DUPLICATE_METHOD_MATCH = YES;
				COPY_PHASE_STRIP = NO;
				DEAD_CODE_STRIPPING = YES;
				DEBUG_INFORMATION_FORMAT = "dwarf-with-dsym";
				DEVELOPMENT_TEAM = 4V55KN5U7M;
				ENABLE_STRICT_OBJC_MSGSEND = YES;
				ENABLE_TESTABILITY = YES;
				ENABLE_USER_SCRIPT_SANDBOXING = YES;
				GCC_C_LANGUAGE_STANDARD = gnu17;
				GCC_DYNAMIC_NO_PIC = NO;
				GCC_NO_COMMON_BLOCKS = YES;
				GCC_OPTIMIZATION_LEVEL = 0;
				GCC_PREPROCESSOR_DEFINITIONS = (
					"DEBUG=1",
					"$(inherited)",
				);
				GCC_WARN_64_TO_32_BIT_CONVERSION = YES;
				GCC_WARN_ABOUT_RETURN_TYPE = YES_ERROR;
				GCC_WARN_UNDECLARED_SELECTOR = YES;
				GCC_WARN_UNINITIALIZED_AUTOS = YES_AGGRESSIVE;
				GCC_WARN_UNUSED_FUNCTION = YES;
				GCC_WARN_UNUSED_VARIABLE = YES;
				LOCALIZATION_PREFERS_STRING_CATALOGS = YES;
				MTL_ENABLE_DEBUG_INFO = INCLUDE_SOURCE;
				MTL_FAST_MATH = YES;
				ONLY_ACTIVE_ARCH = YES;
				REVENUECAT_API_KEY = "$(REVENUECAT_API_KEY)";
				REVERSED_CLIENT_ID = "$(REVERSED_CLIENT_ID)";
				SWIFT_ACTIVE_COMPILATION_CONDITIONS = "DEBUG $(inherited)";
				"SWIFT_COMPILATION_MODE[arch=*]" = singlefile;
				SWIFT_OPTIMIZATION_LEVEL = "-Onone";
			};
			name = Debug;
		};
		97E105932E306627006C6EF7 /* Release */ = {
			isa = XCBuildConfiguration;
			buildSettings = {
				ALWAYS_SEARCH_USER_PATHS = NO;
				ASSETCATALOG_COMPILER_GENERATE_SWIFT_ASSET_SYMBOL_EXTENSIONS = YES;
				CLANG_ANALYZER_NONNULL = YES;
				CLANG_ANALYZER_NUMBER_OBJECT_CONVERSION = YES_AGGRESSIVE;
				CLANG_CXX_LANGUAGE_STANDARD = "gnu++20";
				CLANG_ENABLE_MODULES = YES;
				CLANG_ENABLE_OBJC_ARC = YES;
				CLANG_ENABLE_OBJC_WEAK = YES;
				CLANG_WARN_BLOCK_CAPTURE_AUTORELEASING = YES;
				CLANG_WARN_BOOL_CONVERSION = YES;
				CLANG_WARN_COMMA = YES;
				CLANG_WARN_CONSTANT_CONVERSION = YES;
				CLANG_WARN_DEPRECATED_OBJC_IMPLEMENTATIONS = YES;
				CLANG_WARN_DIRECT_OBJC_ISA_USAGE = YES_ERROR;
				CLANG_WARN_DOCUMENTATION_COMMENTS = YES;
				CLANG_WARN_EMPTY_BODY = YES;
				CLANG_WARN_ENUM_CONVERSION = YES;
				CLANG_WARN_INFINITE_RECURSION = YES;
				CLANG_WARN_INT_CONVERSION = YES;
				CLANG_WARN_NON_LITERAL_NULL_CONVERSION = YES;
				CLANG_WARN_OBJC_IMPLICIT_RETAIN_SELF = YES;
				CLANG_WARN_OBJC_LITERAL_CONVERSION = YES;
				CLANG_WARN_OBJC_ROOT_CLASS = YES_ERROR;
				CLANG_WARN_QUOTED_INCLUDE_IN_FRAMEWORK_HEADER = YES;
				CLANG_WARN_RANGE_LOOP_ANALYSIS = YES;
				CLANG_WARN_STRICT_PROTOTYPES = YES;
				CLANG_WARN_SUSPICIOUS_MOVE = YES;
				CLANG_WARN_UNGUARDED_AVAILABILITY = YES_AGGRESSIVE;
				CLANG_WARN_UNREACHABLE_CODE = YES;
				CLANG_WARN__DUPLICATE_METHOD_MATCH = YES;
				COPY_PHASE_STRIP = NO;
				DEAD_CODE_STRIPPING = YES;
				DEBUG_INFORMATION_FORMAT = "dwarf-with-dsym";
				DEVELOPMENT_TEAM = 4V55KN5U7M;
				ENABLE_NS_ASSERTIONS = NO;
				ENABLE_STRICT_OBJC_MSGSEND = YES;
				ENABLE_USER_SCRIPT_SANDBOXING = YES;
				GCC_C_LANGUAGE_STANDARD = gnu17;
				GCC_NO_COMMON_BLOCKS = YES;
				GCC_WARN_64_TO_32_BIT_CONVERSION = YES;
				GCC_WARN_ABOUT_RETURN_TYPE = YES_ERROR;
				GCC_WARN_UNDECLARED_SELECTOR = YES;
				GCC_WARN_UNINITIALIZED_AUTOS = YES_AGGRESSIVE;
				GCC_WARN_UNUSED_FUNCTION = YES;
				GCC_WARN_UNUSED_VARIABLE = YES;
				LOCALIZATION_PREFERS_STRING_CATALOGS = YES;
				MTL_ENABLE_DEBUG_INFO = NO;
				MTL_FAST_MATH = YES;
				REVENUECAT_API_KEY = "$(REVENUECAT_API_KEY)";
				REVERSED_CLIENT_ID = "$(REVERSED_CLIENT_ID)";
				SWIFT_COMPILATION_MODE = wholemodule;
			};
			name = Release;
		};
		97E105952E306627006C6EF7 /* Debug */ = {
			isa = XCBuildConfiguration;
			buildSettings = {
				ASSETCATALOG_COMPILER_APPICON_NAME = AppIcon;
				ASSETCATALOG_COMPILER_GLOBAL_ACCENT_COLOR_NAME = AccentColor;
				CODE_SIGN_ENTITLEMENTS = FanPlan/FanPlan.entitlements;
				CODE_SIGN_STYLE = Automatic;
				CURRENT_PROJECT_VERSION = 1;
				DEAD_CODE_STRIPPING = NO;
				DEVELOPMENT_TEAM = 4V55KN5U7M;
				ENABLE_BITCODE = NO;
				ENABLE_HARDENED_RUNTIME = YES;
				ENABLE_PREVIEWS = YES;
				ENABLE_USER_SCRIPT_SANDBOXING = NO;
				GENERATE_INFOPLIST_FILE = NO;
				INFOPLIST_FILE = Info.plist;
				INFOPLIST_KEY_CFBundleDisplayName = "Piggy Bong";
				INFOPLIST_KEY_LSApplicationCategoryType = "public.app-category.lifestyle";
				INFOPLIST_KEY_LSSupportsOpeningDocumentsInPlace = NO;
				INFOPLIST_KEY_NSCameraUsageDescription = "Take photos to personalize your fan profile and share your K-pop experiences with the community.";
				INFOPLIST_KEY_NSLocationWhenInUseUsageDescription = "We use your location to find concerts and K-pop events near you, helping you discover amazing experiences in your area.";
				INFOPLIST_KEY_NSMicrophoneUsageDescription = "Record voice notes and audio reactions to share your thoughts about concerts and new releases.";
				INFOPLIST_KEY_NSPhotoLibraryUsageDescription = "Choose photos from your library to customize your profile and share your favorite K-pop moments.";
				"INFOPLIST_KEY_UIApplicationSceneManifest_Generation[sdk=iphoneos*]" = YES;
				"INFOPLIST_KEY_UIApplicationSceneManifest_Generation[sdk=iphonesimulator*]" = YES;
				"INFOPLIST_KEY_UIApplicationSupportsIndirectInputEvents[sdk=iphoneos*]" = YES;
				"INFOPLIST_KEY_UIApplicationSupportsIndirectInputEvents[sdk=iphonesimulator*]" = YES;
				"INFOPLIST_KEY_UILaunchScreen_Generation[sdk=iphoneos*]" = YES;
				"INFOPLIST_KEY_UILaunchScreen_Generation[sdk=iphonesimulator*]" = YES;
				INFOPLIST_KEY_UIRequiredDeviceCapabilities = armv7;
				INFOPLIST_KEY_UIRequiresFullScreen = YES;
				INFOPLIST_KEY_UIStatusBarStyle = UIStatusBarStyleLightContent;
				"INFOPLIST_KEY_UIStatusBarStyle[sdk=iphoneos*]" = UIStatusBarStyleDefault;
				"INFOPLIST_KEY_UIStatusBarStyle[sdk=iphonesimulator*]" = UIStatusBarStyleDefault;
				INFOPLIST_KEY_UISupportedInterfaceOrientations = UIInterfaceOrientationPortrait;
				IPHONEOS_DEPLOYMENT_TARGET = 17.0;
				LD_RUNPATH_SEARCH_PATHS = "@executable_path/Frameworks";
				"LD_RUNPATH_SEARCH_PATHS[sdk=macosx*]" = "@executable_path/../Frameworks";
				MACOSX_DEPLOYMENT_TARGET = 15.2;
				MARKETING_VERSION = 1.0;
				OTHER_LDFLAGS = "-ObjC";
				OTHER_SWIFT_FLAGS = "";
				PRODUCT_BUNDLE_IDENTIFIER = carmenwong.PiggyBong;
				PRODUCT_NAME = "$(TARGET_NAME)";
				REGISTER_APP_GROUPS = YES;
				REVENUECAT_API_KEY = "$(REVENUECAT_API_KEY)";
				REVERSED_CLIENT_ID = "com.googleusercontent.apps.301452889528-rqd96cu7r6gtu46fmvafrdfbhsjn9vq1";
				SDKROOT = auto;
				STRIP_DEBUG_SYMBOLS_DURING_COPY = NO;
				SUPPORTED_PLATFORMS = "iphoneos iphonesimulator macosx xros xrsimulator";
				"SWIFT_COMPILATION_MODE[arch=*]" = singlefile;
				SWIFT_EMIT_LOC_STRINGS = YES;
				SWIFT_OPTIMIZATION_LEVEL = "-Onone";
				SWIFT_VERSION = 5.0;
				TARGETED_DEVICE_FAMILY = "1,2,7";
				TICKETMASTER_API_KEY = QKRduVoS0LTTeNeADNQsPlrtoaphAoG7;
				XROS_DEPLOYMENT_TARGET = 2.4;
			};
			name = Debug;
		};
		97E105962E306627006C6EF7 /* Release */ = {
			isa = XCBuildConfiguration;
			buildSettings = {
				ASSETCATALOG_COMPILER_APPICON_NAME = AppIcon;
				ASSETCATALOG_COMPILER_GLOBAL_ACCENT_COLOR_NAME = AccentColor;
				CODE_SIGN_ENTITLEMENTS = FanPlan/FanPlan.entitlements;
				CODE_SIGN_STYLE = Automatic;
				CURRENT_PROJECT_VERSION = 1;
				DEAD_CODE_STRIPPING = YES;
				DEVELOPMENT_TEAM = 4V55KN5U7M;
				ENABLE_BITCODE = NO;
				ENABLE_HARDENED_RUNTIME = YES;
				ENABLE_PREVIEWS = YES;
				ENABLE_USER_SCRIPT_SANDBOXING = NO;
				GCC_OPTIMIZATION_LEVEL = 0;
				GENERATE_INFOPLIST_FILE = NO;
				INFOPLIST_FILE = Info.plist;
				INFOPLIST_KEY_CFBundleDisplayName = "Piggy Bong";
				INFOPLIST_KEY_LSApplicationCategoryType = "public.app-category.lifestyle";
				INFOPLIST_KEY_LSSupportsOpeningDocumentsInPlace = NO;
				INFOPLIST_KEY_NSCameraUsageDescription = "Take photos to personalize your fan profile and share your K-pop experiences with the community.";
				INFOPLIST_KEY_NSLocationWhenInUseUsageDescription = "We use your location to find concerts and K-pop events near you, helping you discover amazing experiences in your area.";
				INFOPLIST_KEY_NSMicrophoneUsageDescription = "Record voice notes and audio reactions to share your thoughts about concerts and new releases.";
				INFOPLIST_KEY_NSPhotoLibraryUsageDescription = "Choose photos from your library to customize your profile and share your favorite K-pop moments.";
				"INFOPLIST_KEY_UIApplicationSceneManifest_Generation[sdk=iphoneos*]" = YES;
				"INFOPLIST_KEY_UIApplicationSceneManifest_Generation[sdk=iphonesimulator*]" = YES;
				"INFOPLIST_KEY_UIApplicationSupportsIndirectInputEvents[sdk=iphoneos*]" = YES;
				"INFOPLIST_KEY_UIApplicationSupportsIndirectInputEvents[sdk=iphonesimulator*]" = YES;
				"INFOPLIST_KEY_UILaunchScreen_Generation[sdk=iphoneos*]" = YES;
				"INFOPLIST_KEY_UILaunchScreen_Generation[sdk=iphonesimulator*]" = YES;
				INFOPLIST_KEY_UIRequiredDeviceCapabilities = armv7;
				INFOPLIST_KEY_UIRequiresFullScreen = YES;
				INFOPLIST_KEY_UIStatusBarStyle = UIStatusBarStyleLightContent;
				"INFOPLIST_KEY_UIStatusBarStyle[sdk=iphoneos*]" = UIStatusBarStyleDefault;
				"INFOPLIST_KEY_UIStatusBarStyle[sdk=iphonesimulator*]" = UIStatusBarStyleDefault;
				INFOPLIST_KEY_UISupportedInterfaceOrientations = UIInterfaceOrientationPortrait;
				IPHONEOS_DEPLOYMENT_TARGET = 17.0;
				LD_RUNPATH_SEARCH_PATHS = "@executable_path/Frameworks";
				"LD_RUNPATH_SEARCH_PATHS[sdk=macosx*]" = "@executable_path/../Frameworks";
				MACOSX_DEPLOYMENT_TARGET = 15.2;
				MARKETING_VERSION = 1.0;
				OTHER_LDFLAGS = "-ObjC";
				PRODUCT_BUNDLE_IDENTIFIER = carmenwong.PiggyBong;
				PRODUCT_NAME = "$(TARGET_NAME)";
				REGISTER_APP_GROUPS = YES;
				REVENUECAT_API_KEY = "$(REVENUECAT_API_KEY)";
				REVERSED_CLIENT_ID = "com.googleusercontent.apps.301452889528-rqd96cu7r6gtu46fmvafrdfbhsjn9vq1";
				SDKROOT = auto;
				STRIP_DEBUG_SYMBOLS_DURING_COPY = YES;
				SUPPORTED_PLATFORMS = "iphoneos iphonesimulator macosx xros xrsimulator";
				"SWIFT_COMPILATION_MODE[arch=*]" = wholemodule;
				SWIFT_EMIT_LOC_STRINGS = YES;
				SWIFT_OPTIMIZATION_LEVEL = "-Onone";
				SWIFT_VERSION = 5.0;
				TARGETED_DEVICE_FAMILY = "1,2,7";
				TICKETMASTER_API_KEY = QKRduVoS0LTTeNeADNQsPlrtoaphAoG7;
				XROS_DEPLOYMENT_TARGET = 2.4;
			};
			name = Release;
		};
		97E105982E306627006C6EF7 /* Debug */ = {
			isa = XCBuildConfiguration;
			buildSettings = {
				BUNDLE_LOADER = "$(TEST_HOST)";
				CODE_SIGN_STYLE = Automatic;
				CURRENT_PROJECT_VERSION = 1;
				DEAD_CODE_STRIPPING = YES;
				DEVELOPMENT_TEAM = 4V55KN5U7M;
				GENERATE_INFOPLIST_FILE = NO;
				IPHONEOS_DEPLOYMENT_TARGET = 17.0;
				MACOSX_DEPLOYMENT_TARGET = 15.2;
				MARKETING_VERSION = 1.0;
				PRODUCT_BUNDLE_IDENTIFIER = carmenwong.PiggyBongTests;
				PRODUCT_NAME = "$(TARGET_NAME)";
				SDKROOT = auto;
				SUPPORTED_PLATFORMS = "iphoneos iphonesimulator macosx xros xrsimulator";
				SWIFT_EMIT_LOC_STRINGS = NO;
				SWIFT_VERSION = 5.0;
				TARGETED_DEVICE_FAMILY = "1,2,7";
				TEST_HOST = "$(BUILT_PRODUCTS_DIR)/Piggy Bong.app/$(BUNDLE_EXECUTABLE_FOLDER_PATH)/Piggy Bong";
				XROS_DEPLOYMENT_TARGET = 2.4;
			};
			name = Debug;
		};
		97E105992E306627006C6EF7 /* Release */ = {
			isa = XCBuildConfiguration;
			buildSettings = {
				BUNDLE_LOADER = "$(TEST_HOST)";
				CODE_SIGN_STYLE = Automatic;
				CURRENT_PROJECT_VERSION = 1;
				DEAD_CODE_STRIPPING = YES;
				DEVELOPMENT_TEAM = 4V55KN5U7M;
				GENERATE_INFOPLIST_FILE = NO;
				IPHONEOS_DEPLOYMENT_TARGET = 17.0;
				MACOSX_DEPLOYMENT_TARGET = 15.2;
				MARKETING_VERSION = 1.0;
				PRODUCT_BUNDLE_IDENTIFIER = carmenwong.PiggyBongTests;
				PRODUCT_NAME = "$(TARGET_NAME)";
				SDKROOT = auto;
				SUPPORTED_PLATFORMS = "iphoneos iphonesimulator macosx xros xrsimulator";
				SWIFT_EMIT_LOC_STRINGS = NO;
				SWIFT_VERSION = 5.0;
				TARGETED_DEVICE_FAMILY = "1,2,7";
				TEST_HOST = "$(BUILT_PRODUCTS_DIR)/Piggy Bong.app/$(BUNDLE_EXECUTABLE_FOLDER_PATH)/Piggy Bong";
				XROS_DEPLOYMENT_TARGET = 2.4;
			};
			name = Release;
		};
		97E1059B2E306627006C6EF7 /* Debug */ = {
			isa = XCBuildConfiguration;
			buildSettings = {
				CODE_SIGN_STYLE = Automatic;
				CURRENT_PROJECT_VERSION = 1;
				DEAD_CODE_STRIPPING = YES;
				DEVELOPMENT_TEAM = 4V55KN5U7M;
				GENERATE_INFOPLIST_FILE = NO;
				IPHONEOS_DEPLOYMENT_TARGET = 17.0;
				MACOSX_DEPLOYMENT_TARGET = 15.2;
				MARKETING_VERSION = 1.0;
				PRODUCT_BUNDLE_IDENTIFIER = carmenwong.PiggyBongUITests;
				PRODUCT_NAME = "$(TARGET_NAME)";
				SDKROOT = auto;
				SUPPORTED_PLATFORMS = "iphoneos iphonesimulator macosx xros xrsimulator";
				SWIFT_EMIT_LOC_STRINGS = NO;
				SWIFT_VERSION = 5.0;
				TARGETED_DEVICE_FAMILY = "1,2,7";
				TEST_TARGET_NAME = "Piggy Bong";
				XROS_DEPLOYMENT_TARGET = 2.4;
			};
			name = Debug;
		};
		97E1059C2E306627006C6EF7 /* Release */ = {
			isa = XCBuildConfiguration;
			buildSettings = {
				CODE_SIGN_STYLE = Automatic;
				CURRENT_PROJECT_VERSION = 1;
				DEAD_CODE_STRIPPING = YES;
				DEVELOPMENT_TEAM = 4V55KN5U7M;
				GENERATE_INFOPLIST_FILE = NO;
				IPHONEOS_DEPLOYMENT_TARGET = 17.0;
				MACOSX_DEPLOYMENT_TARGET = 15.2;
				MARKETING_VERSION = 1.0;
				PRODUCT_BUNDLE_IDENTIFIER = carmenwong.PiggyBongUITests;
				PRODUCT_NAME = "$(TARGET_NAME)";
				SDKROOT = auto;
				SUPPORTED_PLATFORMS = "iphoneos iphonesimulator macosx xros xrsimulator";
				SWIFT_EMIT_LOC_STRINGS = NO;
				SWIFT_VERSION = 5.0;
				TARGETED_DEVICE_FAMILY = "1,2,7";
				TEST_TARGET_NAME = "Piggy Bong";
				XROS_DEPLOYMENT_TARGET = 2.4;
			};
			name = Release;
		};
/* End XCBuildConfiguration section */

/* Begin XCConfigurationList section */
		97E1056D2E306626006C6EF7 /* Build configuration list for PBXProject "FanPlan" */ = {
			isa = XCConfigurationList;
			buildConfigurations = (
				97E105922E306627006C6EF7 /* Debug */,
				97E105932E306627006C6EF7 /* Release */,
			);
			defaultConfigurationIsVisible = 0;
			defaultConfigurationName = Release;
		};
		97E105942E306627006C6EF7 /* Build configuration list for PBXNativeTarget "Piggy Bong" */ = {
			isa = XCConfigurationList;
			buildConfigurations = (
				97E105952E306627006C6EF7 /* Debug */,
				97E105962E306627006C6EF7 /* Release */,
			);
			defaultConfigurationIsVisible = 0;
			defaultConfigurationName = Release;
		};
		97E105972E306627006C6EF7 /* Build configuration list for PBXNativeTarget "FanPlanTests" */ = {
			isa = XCConfigurationList;
			buildConfigurations = (
				97E105982E306627006C6EF7 /* Debug */,
				97E105992E306627006C6EF7 /* Release */,
			);
			defaultConfigurationIsVisible = 0;
			defaultConfigurationName = Release;
		};
		97E1059A2E306627006C6EF7 /* Build configuration list for PBXNativeTarget "FanPlanUITests" */ = {
			isa = XCConfigurationList;
			buildConfigurations = (
				97E1059B2E306627006C6EF7 /* Debug */,
				97E1059C2E306627006C6EF7 /* Release */,
			);
			defaultConfigurationIsVisible = 0;
			defaultConfigurationName = Release;
		};
/* End XCConfigurationList section */

/* Begin XCRemoteSwiftPackageReference section */
		97681D122E32C1E200066C8A /* XCRemoteSwiftPackageReference "supabase-swift" */ = {
			isa = XCRemoteSwiftPackageReference;
			repositoryURL = "https://github.com/supabase/supabase-swift";
			requirement = {
				kind = upToNextMajorVersion;
				minimumVersion = 2.5.1;
			};
		};
		976CE4362E536FE6008E752E /* XCRemoteSwiftPackageReference "purchases-ios" */ = {
			isa = XCRemoteSwiftPackageReference;
			repositoryURL = "https://github.com/RevenueCat/purchases-ios.git";
			requirement = {
				kind = upToNextMajorVersion;
				minimumVersion = 5.35.0;
			};
		};
		976E08412E7C2A5200C26D1F /* XCRemoteSwiftPackageReference "firebase-ios-sdk" */ = {
			isa = XCRemoteSwiftPackageReference;
			repositoryURL = "https://github.com/firebase/firebase-ios-sdk";
			requirement = {
				kind = upToNextMajorVersion;
				minimumVersion = 12.3.0;
			};
		};
		97A8CA692E5D334A002B8A3C /* XCRemoteSwiftPackageReference "GoogleSignIn-iOS" */ = {
			isa = XCRemoteSwiftPackageReference;
			repositoryURL = "https://github.com/google/GoogleSignIn-iOS";
			requirement = {
				kind = upToNextMajorVersion;
				minimumVersion = 9.0.0;
			};
		};
/* End XCRemoteSwiftPackageReference section */

/* Begin XCSwiftPackageProductDependency section */
		0DFDC060BED44B5FA6536822 /* GoogleSignIn */ = {
			isa = XCSwiftPackageProductDependency;
			package = 97A8CA692E5D334A002B8A3C /* XCRemoteSwiftPackageReference "GoogleSignIn-iOS" */;
			productName = GoogleSignIn;
		};
		97681D132E32C1E200066C8A /* Supabase */ = {
			isa = XCSwiftPackageProductDependency;
			package = 97681D122E32C1E200066C8A /* XCRemoteSwiftPackageReference "supabase-swift" */;
			productName = Supabase;
		};
		976CE43A2E537234008E752E /* RevenueCat */ = {
			isa = XCSwiftPackageProductDependency;
			package = 976CE4362E536FE6008E752E /* XCRemoteSwiftPackageReference "purchases-ios" */;
			productName = RevenueCat;
		};
		976E08422E7C2A5200C26D1F /* FirebaseAnalytics */ = {
			isa = XCSwiftPackageProductDependency;
			package = 976E08412E7C2A5200C26D1F /* XCRemoteSwiftPackageReference "firebase-ios-sdk" */;
			productName = FirebaseAnalytics;
		};
		976E08442E7C2A5200C26D1F /* FirebaseAnalyticsCore */ = {
			isa = XCSwiftPackageProductDependency;
			package = 976E08412E7C2A5200C26D1F /* XCRemoteSwiftPackageReference "firebase-ios-sdk" */;
			productName = FirebaseAnalyticsCore;
		};
		976E08462E7C2A5200C26D1F /* FirebaseAnalyticsIdentitySupport */ = {
			isa = XCSwiftPackageProductDependency;
			package = 976E08412E7C2A5200C26D1F /* XCRemoteSwiftPackageReference "firebase-ios-sdk" */;
			productName = FirebaseAnalyticsIdentitySupport;
		};
		976E08482E7C2A5200C26D1F /* FirebaseAppCheck */ = {
			isa = XCSwiftPackageProductDependency;
			package = 976E08412E7C2A5200C26D1F /* XCRemoteSwiftPackageReference "firebase-ios-sdk" */;
			productName = FirebaseAppCheck;
		};
		976E084A2E7C2A5200C26D1F /* FirebaseCrashlytics */ = {
			isa = XCSwiftPackageProductDependency;
			package = 976E08412E7C2A5200C26D1F /* XCRemoteSwiftPackageReference "firebase-ios-sdk" */;
			productName = FirebaseCrashlytics;
		};
		976E084C2E7C2A5200C26D1F /* FirebasePerformance */ = {
			isa = XCSwiftPackageProductDependency;
			package = 976E08412E7C2A5200C26D1F /* XCRemoteSwiftPackageReference "firebase-ios-sdk" */;
			productName = FirebasePerformance;
		};
/* End XCSwiftPackageProductDependency section */
	};
	rootObject = 97E1056A2E306626006C6EF7 /* Project object */;
}
